
Microsoft Visual Studio Solution File, Format Version 12.00
# Visual Studio Express 2013 for Windows Desktop
VisualStudioVersion = 12.0.21005.1
MinimumVisualStudioVersion = 10.0.40219.1
Project("{FAE04EC0-301F-11D3-BF4B-00C04F79EFBC}") = "EF_lesson_2_1_after_2_2", "EF_lesson_2_1_after_2_2\EF_lesson_2_1_after_2_2.csproj", "{7B24BD21-6F04-4214-9557-A592A3AA2219}"
EndProject
Global
	GlobalSection(SolutionConfigurationPlatforms) = preSolution
		Debug|Any CPU = Debug|Any CPU
		Release|Any CPU = Release|Any CPU
	EndGlobalSection
	GlobalSection(ProjectConfigurationPlatforms) = postSolution
		{7B24BD21-6F04-4214-9557-A592A3AA2219}.Debug|Any CPU.ActiveCfg = Debug|Any CPU
		{7B24BD21-6F04-4214-9557-A592A3AA2219}.Debug|Any CPU.Build.0 = Debug|Any CPU
		{7B24BD21-6F04-4214-9557-A592A3AA2219}.Release|Any CPU.ActiveCfg = Release|Any CPU
		{7B24BD21-6F04-4214-9557-A592A3AA2219}.Release|Any CPU.Build.0 = Release|Any CPU
	EndGlobalSection
	GlobalSection(SolutionProperties) = preSolution
		HideSolutionNode = FALSE
	EndGlobalSection
EndGlobal
